<?xml version="1.0" encoding="UTF-8" standalone="yes" ?>
<CodeBlocks_project_file>
	<FileVersion major="1" minor="6" />
	<Project>
		<Option title="charactère" />
		<Option pch_mode="2" />
		<Option compiler="bcc" />
		<Build>
			<Target title="Debug">
				<Option output="bin/Debug/iren/charactère" prefix_auto="1" extension_auto="1" />
				<Option object_output="obj/Debug/iren/" />
				<Option type="1" />
				<Option compiler="bcc" />
				<Compiler>
					<Add option="-v" />
				</Compiler>
				<Linker>
					<Add option="-v" />
				</Linker>
			</Target>
			<Target title="Release">
				<Option output="bin/Release/iren/charactère" prefix_auto="1" extension_auto="1" />
				<Option object_output="obj/Release/iren/" />
				<Option type="1" />
				<Option compiler="bcc" />
				<Compiler>
					<Add option="-O2" />
				</Compiler>
			</Target>
		</Build>
		<Compiler>
			<Add option="-w" />
		</Compiler>
		<Linker>
			<Add library="cw32mt.lib" />
			<Add library="import32.lib" />
		</Linker>
		<Unit filename="main.c">
			<Option compilerVar="CC" />
		</Unit>
		<Extensions>
			<code_completion />
			<envvars />
			<debugger />
		</Extensions>
	</Project>
</CodeBlocks_project_file>
